// !$*UTF8*$!
{
	archiveVersion = 1;
	classes = {
	};
	objectVersion = 46;
	objects = {

/* Begin PBXBuildFile section */
		0120A0061A03448C00B055DE /* AppDelegate.swift in Sources */ = {isa = PBXBuildFile; fileRef = 0120A0051A03448C00B055DE /* AppDelegate.swift */; };
		0120A0081A03448C00B055DE /* ViewController.swift in Sources */ = {isa = PBXBuildFile; fileRef = 0120A0071A03448C00B055DE /* ViewController.swift */; };
		0120A00B1A03448C00B055DE /* Main.storyboard in Resources */ = {isa = PBXBuildFile; fileRef = 0120A0091A03448C00B055DE /* Main.storyboard */; };
		0120A00D1A03448C00B055DE /* Images.xcassets in Resources */ = {isa = PBXBuildFile; fileRef = 0120A00C1A03448C00B055DE /* Images.xcassets */; };
		0120A0101A03448C00B055DE /* LaunchScreen.xib in Resources */ = {isa = PBXBuildFile; fileRef = 0120A00E1A03448C00B055DE /* LaunchScreen.xib */; };
		0120A01C1A03448C00B055DE /* StormyTests.swift in Sources */ = {isa = PBXBuildFile; fileRef = 0120A01B1A03448C00B055DE /* StormyTests.swift */; };
		01CF8C4E1A05561A00ED4DF3 /* Current.swift in Sources */ = {isa = PBXBuildFile; fileRef = 01CF8C4D1A05561A00ED4DF3 /* Current.swift */; };
/* End PBXBuildFile section */

/* Begin PBXContainerItemProxy section */
		0120A0161A03448C00B055DE /* PBXContainerItemProxy */ = {
			isa = PBXContainerItemProxy;
			containerPortal = 01209FF81A03448C00B055DE /* Project object */;
			proxyType = 1;
			remoteGlobalIDString = 01209FFF1A03448C00B055DE;
			remoteInfo = Stormy;
		};
/* End PBXContainerItemProxy section */

/* Begin PBXFileReference section */
		0120A0001A03448C00B055DE /* Stormy.app */ = {isa = PBXFileReference; explicitFileType = wrapper.application; includeInIndex = 0; path = Stormy.app; sourceTree = BUILT_PRODUCTS_DIR; };
		0120A0041A03448C00B055DE /* Info.plist */ = {isa = PBXFileReference; lastKnownFileType = text.plist.xml; path = Info.plist; sourceTree = "<group>"; };
		0120A0051A03448C00B055DE /* AppDelegate.swift */ = {isa = PBXFileReference; lastKnownFileType = sourcecode.swift; path = AppDelegate.swift; sourceTree = "<group>"; };
		0120A0071A03448C00B055DE /* ViewController.swift */ = {isa = PBXFileReference; lastKnownFileType = sourcecode.swift; path = ViewController.swift; sourceTree = "<group>"; };
		0120A00A1A03448C00B055DE /* Base */ = {isa = PBXFileReference; lastKnownFileType = file.storyboard; name = Base; path = Base.lproj/Main.storyboard; sourceTree = "<group>"; };
		0120A00C1A03448C00B055DE /* Images.xcassets */ = {isa = PBXFileReference; lastKnownFileType = folder.assetcatalog; path = Images.xcassets; sourceTree = "<group>"; };
		0120A00F1A03448C00B055DE /* Base */ = {isa = PBXFileReference; lastKnownFileType = file.xib; name = Base; path = Base.lproj/LaunchScreen.xib; sourceTree = "<group>"; };
		0120A0151A03448C00B055DE /* StormyTests.xctest */ = {isa = PBXFileReference; explicitFileType = wrapper.cfbundle; includeInIndex = 0; path = StormyTests.xctest; sourceTree = BUILT_PRODUCTS_DIR; };
		0120A01A1A03448C00B055DE /* Info.plist */ = {isa = PBXFileReference; lastKnownFileType = text.plist.xml; path = Info.plist; sourceTree = "<group>"; };
		0120A01B1A03448C00B055DE /* StormyTests.swift */ = {isa = PBXFileReference; lastKnownFileType = sourcecode.swift; path = StormyTests.swift; sourceTree = "<group>"; };
		01CF8C4D1A05561A00ED4DF3 /* Current.swift */ = {isa = PBXFileReference; fileEncoding = 4; lastKnownFileType = sourcecode.swift; path = Current.swift; sourceTree = "<group>"; };
/* End PBXFileReference section */

/* Begin PBXFrameworksBuildPhase section */
		01209FFD1A03448C00B055DE /* Frameworks */ = {
			isa = PBXFrameworksBuildPhase;
			buildActionMask = 2147483647;
			files = (
			);
			runOnlyForDeploymentPostprocessing = 0;
		};
		0120A0121A03448C00B055DE /* Frameworks */ = {
			isa = PBXFrameworksBuildPhase;
			buildActionMask = 2147483647;
			files = (
			);
			runOnlyForDeploymentPostprocessing = 0;
		};
/* End PBXFrameworksBuildPhase section */

/* Begin PBXGroup section */
		01209FF71A03448C00B055DE = {
			isa = PBXGroup;
			children = (
				0120A0021A03448C00B055DE /* Stormy */,
				0120A0181A03448C00B055DE /* StormyTests */,
				0120A0011A03448C00B055DE /* Products */,
			);
			sourceTree = "<group>";
		};
		0120A0011A03448C00B055DE /* Products */ = {
			isa = PBXGroup;
			children = (
				0120A0001A03448C00B055DE /* Stormy.app */,
				0120A0151A03448C00B055DE /* StormyTests.xctest */,
			);
			name = Products;
			sourceTree = "<group>";
		};
		0120A0021A03448C00B055DE /* Stormy */ = {
			isa = PBXGroup;
			children = (
				0120A0051A03448C00B055DE /* AppDelegate.swift */,
				0120A0071A03448C00B055DE /* ViewController.swift */,
				01CF8C4D1A05561A00ED4DF3 /* Current.swift */,
				0120A0091A03448C00B055DE /* Main.storyboard */,
				0120A00C1A03448C00B055DE /* Images.xcassets */,
				0120A00E1A03448C00B055DE /* LaunchScreen.xib */,
				0120A0031A03448C00B055DE /* Supporting Files */,
			);
			path = Stormy;
			sourceTree = "<group>";
		};
		0120A0031A03448C00B055DE /* Supporting Files */ = {
			isa = PBXGroup;
			children = (
				0120A0041A03448C00B055DE /* Info.plist */,
			);
			name = "Supporting Files";
			sourceTree = "<group>";
		};
		0120A0181A03448C00B055DE /* StormyTests */ = {
			isa = PBXGroup;
			children = (
				0120A01B1A03448C00B055DE /* StormyTests.swift */,
				0120A0191A03448C00B055DE /* Supporting Files */,
			);
			path = StormyTests;
			sourceTree = "<group>";
		};
		0120A0191A03448C00B055DE /* Supporting Files */ = {
			isa = PBXGroup;
			children = (
				0120A01A1A03448C00B055DE /* Info.plist */,
			);
			name = "Supporting Files";
			sourceTree = "<group>";
		};
/* End PBXGroup section */

/* Begin PBXNativeTarget section */
		01209FFF1A03448C00B055DE /* Stormy */ = {
			isa = PBXNativeTarget;
			buildConfigurationList = 0120A01F1A03448C00B055DE /* Build configuration list for PBXNativeTarget "Stormy" */;
			buildPhases = (
				01209FFC1A03448C00B055DE /* Sources */,
				01209FFD1A03448C00B055DE /* Frameworks */,
				01209FFE1A03448C00B055DE /* Resources */,
			);
			buildRules = (
			);
			dependencies = (
			);
			name = Stormy;
			productName = Stormy;
			productReference = 0120A0001A03448C00B055DE /* Stormy.app */;
			productType = "com.apple.product-type.application";
		};
		0120A0141A03448C00B055DE /* StormyTests */ = {
			isa = PBXNativeTarget;
			buildConfigurationList = 0120A0221A03448C00B055DE /* Build configuration list for PBXNativeTarget "StormyTests" */;
			buildPhases = (
				0120A0111A03448C00B055DE /* Sources */,
				0120A0121A03448C00B055DE /* Frameworks */,
				0120A0131A03448C00B055DE /* Resources */,
			);
			buildRules = (
			);
			dependencies = (
				0120A0171A03448C00B055DE /* PBXTargetDependency */,
			);
			name = StormyTests;
			productName = StormyTests;
			productReference = 0120A0151A03448C00B055DE /* StormyTests.xctest */;
			productType = "com.apple.product-type.bundle.unit-test";
		};
/* End PBXNativeTarget section */

/* Begin PBXProject section */
		01209FF81A03448C00B055DE /* Project object */ = {
			isa = PBXProject;
			attributes = {
				LastUpgradeCheck = 0610;
				ORGANIZATIONNAME = Nick;
				TargetAttributes = {
					01209FFF1A03448C00B055DE = {
						CreatedOnToolsVersion = 6.1;
					};
					0120A0141A03448C00B055DE = {
						CreatedOnToolsVersion = 6.1;
						TestTargetID = 01209FFF1A03448C00B055DE;
					};
				};
			};
			buildConfigurationList = 01209FFB1A03448C00B055DE /* Build configuration list for PBXProject "Stormy" */;
			compatibilityVersion = "Xcode 3.2";
			developmentRegion = English;
			hasScannedForEncodings = 0;
			knownRegions = (
				en,
				Base,
			);
			mainGroup = 01209FF71A03448C00B055DE;
			productRefGroup = 0120A0011A03448C00B055DE /* Products */;
			projectDirPath = "";
			projectRoot = "";
			targets = (
				01209FFF1A03448C00B055DE /* Stormy */,
				0120A0141A03448C00B055DE /* StormyTests */,
			);
		};
/* End PBXProject section */

/* Begin PBXResourcesBuildPhase section */
		01209FFE1A03448C00B055DE /* Resources */ = {
			isa = PBXResourcesBuildPhase;
			buildActionMask = 2147483647;
			files = (
				0120A00B1A03448C00B055DE /* Main.storyboard in Resources */,
				0120A0101A03448C00B055DE /* LaunchScreen.xib in Resources */,
				0120A00D1A03448C00B055DE /* Images.xcassets in Resources */,
			);
			runOnlyForDeploymentPostprocessing = 0;
		};
		0120A0131A03448C00B055DE /* Resources */ = {
			isa = PBXResourcesBuildPhase;
			buildActionMask = 2147483647;
			files = (
			);
			runOnlyForDeploymentPostprocessing = 0;
		};
/* End PBXResourcesBuildPhase section */

/* Begin PBXSourcesBuildPhase section */
		01209FFC1A03448C00B055DE /* Sources */ = {
			isa = PBXSourcesBuildPhase;
			buildActionMask = 2147483647;
			files = (
				01CF8C4E1A05561A00ED4DF3 /* Current.swift in Sources */,
				0120A0081A03448C00B055DE /* ViewController.swift in Sources */,
				0120A0061A03448C00B055DE /* AppDelegate.swift in Sources */,
			);
			runOnlyForDeploymentPostprocessing = 0;
		};
		0120A0111A03448C00B055DE /* Sources */ = {
			isa = PBXSourcesBuildPhase;
			buildActionMask = 2147483647;
			files = (
				0120A01C1A03448C00B055DE /* StormyTests.swift in Sources */,
			);
			runOnlyForDeploymentPostprocessing = 0;
		};
/* End PBXSourcesBuildPhase section */

/* Begin PBXTargetDependency section */
		0120A0171A03448C00B055DE /* PBXTargetDependency */ = {
			isa = PBXTargetDependency;
			target = 01209FFF1A03448C00B055DE /* Stormy */;
			targetProxy = 0120A0161A03448C00B055DE /* PBXContainerItemProxy */;
		};
/* End PBXTargetDependency section */

/* Begin PBXVariantGroup section */
		0120A0091A03448C00B055DE /* Main.storyboard */ = {
			isa = PBXVariantGroup;
			children = (
				0120A00A1A03448C00B055DE /* Base */,
			);
			name = Main.storyboard;
			sourceTree = "<group>";
		};
		0120A00E1A03448C00B055DE /* LaunchScreen.xib */ = {
			isa = PBXVariantGroup;
			children = (
				0120A00F1A03448C00B055DE /* Base */,
			);
			name = LaunchScreen.xib;
			sourceTree = "<group>";
		};
/* End PBXVariantGroup section */

/* Begin XCBuildConfiguration section */
		0120A01D1A03448C00B055DE /* Debug */ = {
			isa = XCBuildConfiguration;
			buildSettings = {
				ALWAYS_SEARCH_USER_PATHS = NO;
				CLANG_CXX_LANGUAGE_STANDARD = "gnu++0x";
				CLANG_CXX_LIBRARY = "libc++";
				CLANG_ENABLE_MODULES = YES;
				CLANG_ENABLE_OBJC_ARC = YES;
				CLANG_WARN_BOOL_CONVERSION = YES;
				CLANG_WARN_CONSTANT_CONVERSION = YES;
				CLANG_WARN_DIRECT_OBJC_ISA_USAGE = YES_ERROR;
				CLANG_WARN_EMPTY_BODY = YES;
				CLANG_WARN_ENUM_CONVERSION = YES;
				CLANG_WARN_INT_CONVERSION = YES;
				CLANG_WARN_OBJC_ROOT_CLASS = YES_ERROR;
				CLANG_WARN_UNREACHABLE_CODE = YES;
				CLANG_WARN__DUPLICATE_METHOD_MATCH = YES;
				"CODE_SIGN_IDENTITY[sdk=iphoneos*]" = "iPhone Developer";
				COPY_PHASE_STRIP = NO;
				ENABLE_STRICT_OBJC_MSGSEND = YES;
				GCC_C_LANGUAGE_STANDARD = gnu99;
				GCC_DYNAMIC_NO_PIC = NO;
				GCC_OPTIMIZATION_LEVEL = 0;
				GCC_PREPROCESSOR_DEFINITIONS = (
					"DEBUG=1",
					"$(inherited)",
				);
				GCC_SYMBOLS_PRIVATE_EXTERN = NO;
				GCC_WARN_64_TO_32_BIT_CONVERSION = YES;
				GCC_WARN_ABOUT_RETURN_TYPE = YES_ERROR;
				GCC_WARN_UNDECLARED_SELECTOR = YES;
				GCC_WARN_UNINITIALIZED_AUTOS = YES_AGGRESSIVE;
				GCC_WARN_UNUSED_FUNCTION = YES;
				GCC_WARN_UNUSED_VARIABLE = YES;
				IPHONEOS_DEPLOYMENT_TARGET = 8.1;
				MTL_ENABLE_DEBUG_INFO = YES;
				ONLY_ACTIVE_ARCH = YES;
				SDKROOT = iphoneos;
				SWIFT_OPTIMIZATION_LEVEL = "-Onone";
			};
			name = Debug;
		};
		0120A01E1A03448C00B055DE /* Release */ = {
			isa = XCBuildConfiguration;
			buildSettings = {
				ALWAYS_SEARCH_USER_PATHS = NO;
				CLANG_CXX_LANGUAGE_STANDARD = "gnu++0x";
				CLANG_CXX_LIBRARY = "libc++";
				CLANG_ENABLE_MODULES = YES;
				CLANG_ENABLE_OBJC_ARC = YES;
				CLANG_WARN_BOOL_CONVERSION = YES;
				CLANG_WARN_CONSTANT_CONVERSION = YES;
				CLANG_WARN_DIRECT_OBJC_ISA_USAGE = YES_ERROR;
				CLANG_WARN_EMPTY_BODY = YES;
				CLANG_WARN_ENUM_CONVERSION = YES;
				CLANG_WARN_INT_CONVERSION = YES;
				CLANG_WARN_OBJC_ROOT_CLASS = YES_ERROR;
				CLANG_WARN_UNREACHABLE_CODE = YES;
				CLANG_WARN__DUPLICATE_METHOD_MATCH = YES;
				"CODE_SIGN_IDENTITY[sdk=iphoneos*]" = "iPhone Developer";
				COPY_PHASE_STRIP = YES;
				ENABLE_NS_ASSERTIONS = NO;
				ENABLE_STRICT_OBJC_MSGSEND = YES;
				GCC_C_LANGUAGE_STANDARD = gnu99;
				GCC_WARN_64_TO_32_BIT_CONVERSION = YES;
				GCC_WARN_ABOUT_RETURN_TYPE = YES_ERROR;
				GCC_WARN_UNDECLARED_SELECTOR = YES;
				GCC_WARN_UNINITIALIZED_AUTOS = YES_AGGRESSIVE;
				GCC_WARN_UNUSED_FUNCTION = YES;
				GCC_WARN_UNUSED_VARIABLE = YES;
				IPHONEOS_DEPLOYMENT_TARGET = 8.1;
				MTL_ENABLE_DEBUG_INFO = NO;
				SDKROOT = iphoneos;
				VALIDATE_PRODUCT = YES;
			};
			name = Release;
		};
		0120A0201A03448C00B055DE /* Debug */ = {
			isa = XCBuildConfiguration;
			buildSettings = {
				ASSETCATALOG_COMPILER_APPICON_NAME = AppIcon;
				INFOPLIST_FILE = Stormy/Info.plist;
				LD_RUNPATH_SEARCH_PATHS = "$(inherited) @executable_path/Frameworks";
				PRODUCT_NAME = "$(TARGET_NAME)";
			};
			name = Debug;
		};
		0120A0211A03448C00B055DE /* Release */ = {
			isa = XCBuildConfiguration;
			buildSettings = {
				ASSETCATALOG_COMPILER_APPICON_NAME = AppIcon;
				INFOPLIST_FILE = Stormy/Info.plist;
				LD_RUNPATH_SEARCH_PATHS = "$(inherited) @executable_path/Frameworks";
				PRODUCT_NAME = "$(TARGET_NAME)";
			};
			name = Release;
		};
		0120A0231A03448C00B055DE /* Debug */ = {
			isa = XCBuildConfiguration;
			buildSettings = {
				BUNDLE_LOADER = "$(TEST_HOST)";
				FRAMEWORK_SEARCH_PATHS = (
					"$(SDKROOT)/Developer/Library/Frameworks",
					"$(inherited)",
				);
				GCC_PREPROCESSOR_DEFINITIONS = (
					"DEBUG=1",
					"$(inherited)",
				);
				INFOPLIST_FILE = StormyTests/Info.plist;
				LD_RUNPATH_SEARCH_PATHS = "$(inherited) @executable_path/Frameworks @loader_path/Frameworks";
				PRODUCT_NAME = "$(TARGET_NAME)";
				TEST_HOST = "$(BUILT_PRODUCTS_DIR)/Stormy.app/Stormy";
			};
			name = Debug;
		};
		0120A0241A03448C00B055DE /* Release */ = {
			isa = XCBuildConfiguration;
			buildSettings = {
				BUNDLE_LOADER = "$(TEST_HOST)";
				FRAMEWORK_SEARCH_PATHS = (
					"$(SDKROOT)/Developer/Library/Frameworks",
					"$(inherited)",
				);
				INFOPLIST_FILE = StormyTests/Info.plist;
				LD_RUNPATH_SEARCH_PATHS = "$(inherited) @executable_path/Frameworks @loader_path/Frameworks";
				PRODUCT_NAME = "$(TARGET_NAME)";
				TEST_HOST = "$(BUILT_PRODUCTS_DIR)/Stormy.app/Stormy";
			};
			name = Release;
		};
/* End XCBuildConfiguration section */

/* Begin XCConfigurationList section */
		01209FFB1A03448C00B055DE /* Build configuration list for PBXProject "Stormy" */ = {
			isa = XCConfigurationList;
			buildConfigurations = (
				0120A01D1A03448C00B055DE /* Debug */,
				0120A01E1A03448C00B055DE /* Release */,
			);
			defaultConfigurationIsVisible = 0;
			defaultConfigurationName = Release;
		};
		0120A01F1A03448C00B055DE /* Build configuration list for PBXNativeTarget "Stormy" */ = {
			isa = XCConfigurationList;
			buildConfigurations = (
				0120A0201A03448C00B055DE /* Debug */,
				0120A0211A03448C00B055DE /* Release */,
			);
			defaultConfigurationIsVisible = 0;
			defaultConfigurationName = Release;
		};
		0120A0221A03448C00B055DE /* Build configuration list for PBXNativeTarget "StormyTests" */ = {
			isa = XCConfigurationList;
			buildConfigurations = (
				0120A0231A03448C00B055DE /* Debug */,
				0120A0241A03448C00B055DE /* Release */,
			);
			defaultConfigurationIsVisible = 0;
			defaultConfigurationName = Release;
		};
/* End XCConfigurationList section */
	};
	rootObject = 01209FF81A03448C00B055DE /* Project object */;
}
